<?xml version="1.0" encoding="utf-8"?>
<Project ToolsVersion="4.0" xmlns="http://schemas.microsoft.com/developer/msbuild/2003">
  <ItemGroup>
    <Filter Include="Source Files">
      <UniqueIdentifier>{4FC737F1-C7A5-4376-A066-2A32D752A2FF}</UniqueIdentifier>
      <Extensions>cpp;c;cc;cxx;c++;def;odl;idl;hpj;bat;asm;asmx</Extensions>
    </Filter>
    <Filter Include="Header Files">
      <UniqueIdentifier>{93995380-89BD-4b04-88EB-625FBE52EBFB}</UniqueIdentifier>
      <Extensions>h;hh;hpp;hxx;h++;hm;inl;inc;ipp;xsd</Extensions>
    </Filter>
    <Filter Include="Resource Files">
      <UniqueIdentifier>{67DA6AB6-F800-4c08-8B7A-83BB121AAD01}</UniqueIdentifier>
      <Extensions>rc;ico;cur;bmp;dlg;rc2;rct;bin;rgs;gif;jpg;jpeg;jpe;resx;tiff;tif;png;wav;mfcribbon-ms</Extensions>
    </Filter>
    <Filter Include="Resource Files\shaders">
      <UniqueIdentifier>{5aa70f15-c1eb-4826-97c6-e80a5b059c6c}</UniqueIdentifier>
    </Filter>
    <Filter Include="Header Files\opengl_utility">
      <UniqueIdentifier>{95f29419-0798-410e-a8ce-659647e954fb}</UniqueIdentifier>
    </Filter>
    <Filter Include="Source Files\opengl_utility">
      <UniqueIdentifier>{b6b025be-ddfe-42d3-bd82-d71bb42a0440}</UniqueIdentifier>
    </Filter>
    <Filter Include="Source Files\rendering">
      <UniqueIdentifier>{8ca4968d-fb15-4505-9096-9788dbcd551b}</UniqueIdentifier>
    </Filter>
    <Filter Include="Header Files\rendering">
      <UniqueIdentifier>{e6925d7d-6aee-402e-93e1-db0a7123dc1d}</UniqueIdentifier>
    </Filter>
    <Filter Include="Resource Files\textures">
      <UniqueIdentifier>{76c24583-39a8-4d6c-824d-93eb0412b195}</UniqueIdentifier>
    </Filter>
    <Filter Include="Header Files\vendor">
      <UniqueIdentifier>{0f65f997-7f06-4b5c-8da1-43bd8e076ada}</UniqueIdentifier>
    </Filter>
    <Filter Include="Header Files\vendor\stb_image">
      <UniqueIdentifier>{dd52faf8-1b9a-4ba5-845e-64fa23e79391}</UniqueIdentifier>
    </Filter>
    <Filter Include="Source Files\vendor">
      <UniqueIdentifier>{00d2008b-65f5-45a4-b78d-49cf267e47f0}</UniqueIdentifier>
    </Filter>
    <Filter Include="Source Files\vendor\stb_image">
      <UniqueIdentifier>{cd6b06b5-ddce-412e-82c9-f1279c7d9af0}</UniqueIdentifier>
    </Filter>
  </ItemGroup>
  <ItemGroup>
    <ClCompile Include="main.cpp">
      <Filter>Source Files</Filter>
    </ClCompile>
    <ClCompile Include="RenderedObject.cpp">
      <Filter>Source Files</Filter>
    </ClCompile>
    <ClCompile Include="opengl_debug_output.cpp">
      <Filter>Source Files\opengl_utility</Filter>
    </ClCompile>
    <ClCompile Include="VertexBuffer.cpp">
      <Filter>Source Files\rendering</Filter>
    </ClCompile>
    <ClCompile Include="IndexBuffer.cpp">
      <Filter>Source Files\rendering</Filter>
    </ClCompile>
    <ClCompile Include="VertexArray.cpp">
      <Filter>Source Files\rendering</Filter>
    </ClCompile>
    <ClCompile Include="Shader.cpp">
      <Filter>Source Files\rendering</Filter>
    </ClCompile>
    <ClCompile Include="Texture.cpp">
      <Filter>Source Files\rendering</Filter>
    </ClCompile>
    <ClCompile Include="stb_image.cpp">
      <Filter>Source Files\vendor\stb_image</Filter>
    </ClCompile>
    <ClCompile Include="Renderer.cpp">
      <Filter>Source Files\rendering</Filter>
    </ClCompile>
    <ClCompile Include="Battlefield.cpp">
      <Filter>Source Files</Filter>
    </ClCompile>
    <ClCompile Include="Alien.cpp">
      <Filter>Source Files</Filter>
    </ClCompile>
  </ItemGroup>
  <ItemGroup>
    <ClInclude Include="RenderedObject.h">
      <Filter>Header Files</Filter>
    </ClInclude>
    <ClInclude Include="opengl_debug_output.h">
      <Filter>Header Files\opengl_utility</Filter>
    </ClInclude>
    <ClInclude Include="VertexBuffer.h">
      <Filter>Header Files\rendering</Filter>
    </ClInclude>
    <ClInclude Include="IndexBuffer.h">
      <Filter>Header Files\rendering</Filter>
    </ClInclude>
    <ClInclude Include="VertexArray.h">
      <Filter>Header Files\rendering</Filter>
    </ClInclude>
    <ClInclude Include="VertexBufferLayout.h">
      <Filter>Header Files\rendering</Filter>
    </ClInclude>
    <ClInclude Include="Texture.h">
      <Filter>Header Files\rendering</Filter>
    </ClInclude>
    <ClInclude Include="stb_image.h">
      <Filter>Header Files\vendor\stb_image</Filter>
    </ClInclude>
    <ClInclude Include="Shader.h">
      <Filter>Header Files\rendering</Filter>
    </ClInclude>
    <ClInclude Include="Renderer.h">
      <Filter>Header Files\rendering</Filter>
    </ClInclude>
    <ClInclude Include="Battlefield.h">
      <Filter>Header Files</Filter>
    </ClInclude>
    <ClInclude Include="Alien.h">
      <Filter>Header Files</Filter>
    </ClInclude>
    <ClInclude Include="AlienBullet.h">
      <Filter>Header Files</Filter>
    </ClInclude>
  </ItemGroup>
  <ItemGroup>
    <CopyFileToFolders Include="res\shaders\basic_f.shader">
      <Filter>Resource Files\shaders</Filter>
    </CopyFileToFolders>
    <CopyFileToFolders Include="res\shaders\basic_v.shader">
      <Filter>Resource Files\shaders</Filter>
    </CopyFileToFolders>
    <CopyFileToFolders Include="res\shaders\texture_f.shader">
      <Filter>Resource Files\shaders</Filter>
    </CopyFileToFolders>
    <CopyFileToFolders Include="res\shaders\texture_v.shader">
      <Filter>Resource Files\shaders</Filter>
    </CopyFileToFolders>
    <CopyFileToFolders Include="res\textures\cpp_logo_200.png">
      <Filter>Resource Files\textures</Filter>
    </CopyFileToFolders>
  </ItemGroup>
</Project>